
Microsoft Visual Studio Solution File, Format Version 12.00
# Visual Studio Version 17
VisualStudioVersion = 17.3.32929.385
MinimumVisualStudioVersion = 10.0.40219.1
Project("{FAE04EC0-301F-11D3-BF4B-00C04F79EFBC}") = "DictionaryAndForeachTITpe22", "DictionaryAndForeachTITpe22.csproj", "{5E33E449-5678-4D25-B203-3EA4AC509222}"
EndProject
Global
	GlobalSection(SolutionConfigurationPlatforms) = preSolution
		Debug|Any CPU = Debug|Any CPU
		Release|Any CPU = Release|Any CPU
	EndGlobalSection
	GlobalSection(ProjectConfigurationPlatforms) = postSolution
		{5E33E449-5678-4D25-B203-3EA4AC509222}.Debug|Any CPU.ActiveCfg = Debug|Any CPU
		{5E33E449-5678-4D25-B203-3EA4AC509222}.Debug|Any CPU.Build.0 = Debug|Any CPU
		{5E33E449-5678-4D25-B203-3EA4AC509222}.Release|Any CPU.ActiveCfg = Release|Any CPU
		{5E33E449-5678-4D25-B203-3EA4AC509222}.Release|Any CPU.Build.0 = Release|Any CPU
	EndGlobalSection
	GlobalSection(SolutionProperties) = preSolution
		HideSolutionNode = FALSE
	EndGlobalSection
	GlobalSection(ExtensibilityGlobals) = postSolution
		SolutionGuid = {B46540A7-BBDE-41EC-A751-B1C5614303B5}
	EndGlobalSection
EndGlobal
